PODS:
  - Alamofire (5.2.2)
  - AlamofireImage (4.1.0):
    - Alamofire (~> 5.1)
  - Bond (7.6.6):
    - Differ (~> 1.4)
    - ReactiveKit (~> 3.14)
  - Differ (1.4.5)
  - OHHTTPStubs/Core (9.0.0)
  - OHHTTPStubs/Default (9.0.0):
    - OHHTTPStubs/Core
    - OHHTTPStubs/JSON
    - OHHTTPStubs/NSURLSession
    - OHHTTPStubs/OHPathHelpers
  - OHHTTPStubs/JSON (9.0.0):
    - OHHTTPStubs/Core
  - OHHTTPStubs/NSURLSession (9.0.0):
    - OHHTTPStubs/Core
  - OHHTTPStubs/OHPathHelpers (9.0.0)
  - OHHTTPStubs/Swift (9.0.0):
    - OHHTTPStubs/Default
  - ReactiveKit (3.17.4)

DEPENDENCIES:
  - Alamofire (~> 5.2)
  - AlamofireImage (~> 4.1)
  - Bond
  - OHHTTPStubs/Swift

SPEC REPOS:
  trunk:
    - Alamofire
    - AlamofireImage
    - Bond
    - Differ
    - OHHTTPStubs
    - ReactiveKit

SPEC CHECKSUMS:
  Alamofire: 814429acc853c6c54ff123fc3d2ef66803823ce0
  AlamofireImage: c4a2ba349885fb3064feb74d2e547bd42ce9be10
  Bond: 9e7d901cf4ed825b6004a93dd0a7f1c7479e2834
  Differ: 3b6bd78e2b20cc795d9a86f7641d087524e4273e
  OHHTTPStubs: cb29d2a9d09a828ecb93349a2b0c64f99e0db89f
  ReactiveKit: f9f9e079efa39312c597bf1508ef4810d111ce76

PODFILE CHECKSUM: 450837eb333bcda95113bcb15e4aedf55ba773b5

COCOAPODS: 1.9.1
