// !$*UTF8*$!
{
	archiveVersion = 1;
	classes = {
	};
	objectVersion = 50;
	objects = {

/* Begin PBXBuildFile section */
		95F412C7250944C600E5E33D /* AppDelegate.swift in Sources */ = {isa = PBXBuildFile; fileRef = 95F412C6250944C600E5E33D /* AppDelegate.swift */; };
		95F412C9250944C600E5E33D /* SceneDelegate.swift in Sources */ = {isa = PBXBuildFile; fileRef = 95F412C8250944C600E5E33D /* SceneDelegate.swift */; };
		95F412CB250944C600E5E33D /* ViewController.swift in Sources */ = {isa = PBXBuildFile; fileRef = 95F412CA250944C600E5E33D /* ViewController.swift */; };
		95F412CE250944C600E5E33D /* Main.storyboard in Resources */ = {isa = PBXBuildFile; fileRef = 95F412CC250944C600E5E33D /* Main.storyboard */; };
		95F412D0250944C900E5E33D /* Assets.xcassets in Resources */ = {isa = PBXBuildFile; fileRef = 95F412CF250944C900E5E33D /* Assets.xcassets */; };
		95F412D3250944C900E5E33D /* LaunchScreen.storyboard in Resources */ = {isa = PBXBuildFile; fileRef = 95F412D1250944C900E5E33D /* LaunchScreen.storyboard */; };
		95F412DE250944CA00E5E33D /* BBExploreTests.swift in Sources */ = {isa = PBXBuildFile; fileRef = 95F412DD250944CA00E5E33D /* BBExploreTests.swift */; };
		95F412E9250944CA00E5E33D /* BBExploreUITests.swift in Sources */ = {isa = PBXBuildFile; fileRef = 95F412E8250944CA00E5E33D /* BBExploreUITests.swift */; };
/* End PBXBuildFile section */

/* Begin PBXContainerItemProxy section */
		95F412DA250944CA00E5E33D /* PBXContainerItemProxy */ = {
			isa = PBXContainerItemProxy;
			containerPortal = 95F412BB250944C600E5E33D /* Project object */;
			proxyType = 1;
			remoteGlobalIDString = 95F412C2250944C600E5E33D;
			remoteInfo = BBExplore;
		};
		95F412E5250944CA00E5E33D /* PBXContainerItemProxy */ = {
			isa = PBXContainerItemProxy;
			containerPortal = 95F412BB250944C600E5E33D /* Project object */;
			proxyType = 1;
			remoteGlobalIDString = 95F412C2250944C600E5E33D;
			remoteInfo = BBExplore;
		};
/* End PBXContainerItemProxy section */

/* Begin PBXFileReference section */
		95F412C3250944C600E5E33D /* BBExplore.app */ = {isa = PBXFileReference; explicitFileType = wrapper.application; includeInIndex = 0; path = BBExplore.app; sourceTree = BUILT_PRODUCTS_DIR; };
		95F412C6250944C600E5E33D /* AppDelegate.swift */ = {isa = PBXFileReference; lastKnownFileType = sourcecode.swift; path = AppDelegate.swift; sourceTree = "<group>"; };
		95F412C8250944C600E5E33D /* SceneDelegate.swift */ = {isa = PBXFileReference; lastKnownFileType = sourcecode.swift; path = SceneDelegate.swift; sourceTree = "<group>"; };
		95F412CA250944C600E5E33D /* ViewController.swift */ = {isa = PBXFileReference; lastKnownFileType = sourcecode.swift; path = ViewController.swift; sourceTree = "<group>"; };
		95F412CD250944C600E5E33D /* Base */ = {isa = PBXFileReference; lastKnownFileType = file.storyboard; name = Base; path = Base.lproj/Main.storyboard; sourceTree = "<group>"; };
		95F412CF250944C900E5E33D /* Assets.xcassets */ = {isa = PBXFileReference; lastKnownFileType = folder.assetcatalog; path = Assets.xcassets; sourceTree = "<group>"; };
		95F412D2250944C900E5E33D /* Base */ = {isa = PBXFileReference; lastKnownFileType = file.storyboard; name = Base; path = Base.lproj/LaunchScreen.storyboard; sourceTree = "<group>"; };
		95F412D4250944C900E5E33D /* Info.plist */ = {isa = PBXFileReference; lastKnownFileType = text.plist.xml; path = Info.plist; sourceTree = "<group>"; };
		95F412D9250944CA00E5E33D /* BBExploreTests.xctest */ = {isa = PBXFileReference; explicitFileType = wrapper.cfbundle; includeInIndex = 0; path = BBExploreTests.xctest; sourceTree = BUILT_PRODUCTS_DIR; };
		95F412DD250944CA00E5E33D /* BBExploreTests.swift */ = {isa = PBXFileReference; lastKnownFileType = sourcecode.swift; path = BBExploreTests.swift; sourceTree = "<group>"; };
		95F412DF250944CA00E5E33D /* Info.plist */ = {isa = PBXFileReference; lastKnownFileType = text.plist.xml; path = Info.plist; sourceTree = "<group>"; };
		95F412E4250944CA00E5E33D /* BBExploreUITests.xctest */ = {isa = PBXFileReference; explicitFileType = wrapper.cfbundle; includeInIndex = 0; path = BBExploreUITests.xctest; sourceTree = BUILT_PRODUCTS_DIR; };
		95F412E8250944CA00E5E33D /* BBExploreUITests.swift */ = {isa = PBXFileReference; lastKnownFileType = sourcecode.swift; path = BBExploreUITests.swift; sourceTree = "<group>"; };
		95F412EA250944CA00E5E33D /* Info.plist */ = {isa = PBXFileReference; lastKnownFileType = text.plist.xml; path = Info.plist; sourceTree = "<group>"; };
/* End PBXFileReference section */

/* Begin PBXFrameworksBuildPhase section */
		95F412C0250944C600E5E33D /* Frameworks */ = {
			isa = PBXFrameworksBuildPhase;
			buildActionMask = 2147483647;
			files = (
			);
			runOnlyForDeploymentPostprocessing = 0;
		};
		95F412D6250944CA00E5E33D /* Frameworks */ = {
			isa = PBXFrameworksBuildPhase;
			buildActionMask = 2147483647;
			files = (
			);
			runOnlyForDeploymentPostprocessing = 0;
		};
		95F412E1250944CA00E5E33D /* Frameworks */ = {
			isa = PBXFrameworksBuildPhase;
			buildActionMask = 2147483647;
			files = (
			);
			runOnlyForDeploymentPostprocessing = 0;
		};
/* End PBXFrameworksBuildPhase section */

/* Begin PBXGroup section */
		95F412BA250944C600E5E33D = {
			isa = PBXGroup;
			children = (
				95F412C5250944C600E5E33D /* BBExplore */,
				95F412DC250944CA00E5E33D /* BBExploreTests */,
				95F412E7250944CA00E5E33D /* BBExploreUITests */,
				95F412C4250944C600E5E33D /* Products */,
			);
			sourceTree = "<group>";
		};
		95F412C4250944C600E5E33D /* Products */ = {
			isa = PBXGroup;
			children = (
				95F412C3250944C600E5E33D /* BBExplore.app */,
				95F412D9250944CA00E5E33D /* BBExploreTests.xctest */,
				95F412E4250944CA00E5E33D /* BBExploreUITests.xctest */,
			);
			name = Products;
			sourceTree = "<group>";
		};
		95F412C5250944C600E5E33D /* BBExplore */ = {
			isa = PBXGroup;
			children = (
				95F412C6250944C600E5E33D /* AppDelegate.swift */,
				95F412C8250944C600E5E33D /* SceneDelegate.swift */,
				95F412CA250944C600E5E33D /* ViewController.swift */,
				95F412CC250944C600E5E33D /* Main.storyboard */,
				95F412CF250944C900E5E33D /* Assets.xcassets */,
				95F412D1250944C900E5E33D /* LaunchScreen.storyboard */,
				95F412D4250944C900E5E33D /* Info.plist */,
			);
			path = BBExplore;
			sourceTree = "<group>";
		};
		95F412DC250944CA00E5E33D /* BBExploreTests */ = {
			isa = PBXGroup;
			children = (
				95F412DD250944CA00E5E33D /* BBExploreTests.swift */,
				95F412DF250944CA00E5E33D /* Info.plist */,
			);
			path = BBExploreTests;
			sourceTree = "<group>";
		};
		95F412E7250944CA00E5E33D /* BBExploreUITests */ = {
			isa = PBXGroup;
			children = (
				95F412E8250944CA00E5E33D /* BBExploreUITests.swift */,
				95F412EA250944CA00E5E33D /* Info.plist */,
			);
			path = BBExploreUITests;
			sourceTree = "<group>";
		};
/* End PBXGroup section */

/* Begin PBXNativeTarget section */
		95F412C2250944C600E5E33D /* BBExplore */ = {
			isa = PBXNativeTarget;
			buildConfigurationList = 95F412ED250944CA00E5E33D /* Build configuration list for PBXNativeTarget "BBExplore" */;
			buildPhases = (
				95F412BF250944C600E5E33D /* Sources */,
				95F412C0250944C600E5E33D /* Frameworks */,
				95F412C1250944C600E5E33D /* Resources */,
			);
			buildRules = (
			);
			dependencies = (
			);
			name = BBExplore;
			productName = BBExplore;
			productReference = 95F412C3250944C600E5E33D /* BBExplore.app */;
			productType = "com.apple.product-type.application";
		};
		95F412D8250944CA00E5E33D /* BBExploreTests */ = {
			isa = PBXNativeTarget;
			buildConfigurationList = 95F412F0250944CA00E5E33D /* Build configuration list for PBXNativeTarget "BBExploreTests" */;
			buildPhases = (
				95F412D5250944CA00E5E33D /* Sources */,
				95F412D6250944CA00E5E33D /* Frameworks */,
				95F412D7250944CA00E5E33D /* Resources */,
			);
			buildRules = (
			);
			dependencies = (
				95F412DB250944CA00E5E33D /* PBXTargetDependency */,
			);
			name = BBExploreTests;
			productName = BBExploreTests;
			productReference = 95F412D9250944CA00E5E33D /* BBExploreTests.xctest */;
			productType = "com.apple.product-type.bundle.unit-test";
		};
		95F412E3250944CA00E5E33D /* BBExploreUITests */ = {
			isa = PBXNativeTarget;
			buildConfigurationList = 95F412F3250944CA00E5E33D /* Build configuration list for PBXNativeTarget "BBExploreUITests" */;
			buildPhases = (
				95F412E0250944CA00E5E33D /* Sources */,
				95F412E1250944CA00E5E33D /* Frameworks */,
				95F412E2250944CA00E5E33D /* Resources */,
			);
			buildRules = (
			);
			dependencies = (
				95F412E6250944CA00E5E33D /* PBXTargetDependency */,
			);
			name = BBExploreUITests;
			productName = BBExploreUITests;
			productReference = 95F412E4250944CA00E5E33D /* BBExploreUITests.xctest */;
			productType = "com.apple.product-type.bundle.ui-testing";
		};
/* End PBXNativeTarget section */

/* Begin PBXProject section */
		95F412BB250944C600E5E33D /* Project object */ = {
			isa = PBXProject;
			attributes = {
				LastSwiftUpdateCheck = 1170;
				LastUpgradeCheck = 1170;
				ORGANIZATIONNAME = IGProjects;
				TargetAttributes = {
					95F412C2250944C600E5E33D = {
						CreatedOnToolsVersion = 11.7;
					};
					95F412D8250944CA00E5E33D = {
						CreatedOnToolsVersion = 11.7;
						TestTargetID = 95F412C2250944C600E5E33D;
					};
					95F412E3250944CA00E5E33D = {
						CreatedOnToolsVersion = 11.7;
						TestTargetID = 95F412C2250944C600E5E33D;
					};
				};
			};
			buildConfigurationList = 95F412BE250944C600E5E33D /* Build configuration list for PBXProject "BBExplore" */;
			compatibilityVersion = "Xcode 9.3";
			developmentRegion = en;
			hasScannedForEncodings = 0;
			knownRegions = (
				en,
				Base,
			);
			mainGroup = 95F412BA250944C600E5E33D;
			productRefGroup = 95F412C4250944C600E5E33D /* Products */;
			projectDirPath = "";
			projectRoot = "";
			targets = (
				95F412C2250944C600E5E33D /* BBExplore */,
				95F412D8250944CA00E5E33D /* BBExploreTests */,
				95F412E3250944CA00E5E33D /* BBExploreUITests */,
			);
		};
/* End PBXProject section */

/* Begin PBXResourcesBuildPhase section */
		95F412C1250944C600E5E33D /* Resources */ = {
			isa = PBXResourcesBuildPhase;
			buildActionMask = 2147483647;
			files = (
				95F412D3250944C900E5E33D /* LaunchScreen.storyboard in Resources */,
				95F412D0250944C900E5E33D /* Assets.xcassets in Resources */,
				95F412CE250944C600E5E33D /* Main.storyboard in Resources */,
			);
			runOnlyForDeploymentPostprocessing = 0;
		};
		95F412D7250944CA00E5E33D /* Resources */ = {
			isa = PBXResourcesBuildPhase;
			buildActionMask = 2147483647;
			files = (
			);
			runOnlyForDeploymentPostprocessing = 0;
		};
		95F412E2250944CA00E5E33D /* Resources */ = {
			isa = PBXResourcesBuildPhase;
			buildActionMask = 2147483647;
			files = (
			);
			runOnlyForDeploymentPostprocessing = 0;
		};
/* End PBXResourcesBuildPhase section */

/* Begin PBXSourcesBuildPhase section */
		95F412BF250944C600E5E33D /* Sources */ = {
			isa = PBXSourcesBuildPhase;
			buildActionMask = 2147483647;
			files = (
				95F412CB250944C600E5E33D /* ViewController.swift in Sources */,
				95F412C7250944C600E5E33D /* AppDelegate.swift in Sources */,
				95F412C9250944C600E5E33D /* SceneDelegate.swift in Sources */,
			);
			runOnlyForDeploymentPostprocessing = 0;
		};
		95F412D5250944CA00E5E33D /* Sources */ = {
			isa = PBXSourcesBuildPhase;
			buildActionMask = 2147483647;
			files = (
				95F412DE250944CA00E5E33D /* BBExploreTests.swift in Sources */,
			);
			runOnlyForDeploymentPostprocessing = 0;
		};
		95F412E0250944CA00E5E33D /* Sources */ = {
			isa = PBXSourcesBuildPhase;
			buildActionMask = 2147483647;
			files = (
				95F412E9250944CA00E5E33D /* BBExploreUITests.swift in Sources */,
			);
			runOnlyForDeploymentPostprocessing = 0;
		};
/* End PBXSourcesBuildPhase section */

/* Begin PBXTargetDependency section */
		95F412DB250944CA00E5E33D /* PBXTargetDependency */ = {
			isa = PBXTargetDependency;
			target = 95F412C2250944C600E5E33D /* BBExplore */;
			targetProxy = 95F412DA250944CA00E5E33D /* PBXContainerItemProxy */;
		};
		95F412E6250944CA00E5E33D /* PBXTargetDependency */ = {
			isa = PBXTargetDependency;
			target = 95F412C2250944C600E5E33D /* BBExplore */;
			targetProxy = 95F412E5250944CA00E5E33D /* PBXContainerItemProxy */;
		};
/* End PBXTargetDependency section */

/* Begin PBXVariantGroup section */
		95F412CC250944C600E5E33D /* Main.storyboard */ = {
			isa = PBXVariantGroup;
			children = (
				95F412CD250944C600E5E33D /* Base */,
			);
			name = Main.storyboard;
			sourceTree = "<group>";
		};
		95F412D1250944C900E5E33D /* LaunchScreen.storyboard */ = {
			isa = PBXVariantGroup;
			children = (
				95F412D2250944C900E5E33D /* Base */,
			);
			name = LaunchScreen.storyboard;
			sourceTree = "<group>";
		};
/* End PBXVariantGroup section */

/* Begin XCBuildConfiguration section */
		95F412EB250944CA00E5E33D /* Debug */ = {
			isa = XCBuildConfiguration;
			buildSettings = {
				ALWAYS_SEARCH_USER_PATHS = NO;
				CLANG_ANALYZER_NONNULL = YES;
				CLANG_ANALYZER_NUMBER_OBJECT_CONVERSION = YES_AGGRESSIVE;
				CLANG_CXX_LANGUAGE_STANDARD = "gnu++14";
				CLANG_CXX_LIBRARY = "libc++";
				CLANG_ENABLE_MODULES = YES;
				CLANG_ENABLE_OBJC_ARC = YES;
				CLANG_ENABLE_OBJC_WEAK = YES;
				CLANG_WARN_BLOCK_CAPTURE_AUTORELEASING = YES;
				CLANG_WARN_BOOL_CONVERSION = YES;
				CLANG_WARN_COMMA = YES;
				CLANG_WARN_CONSTANT_CONVERSION = YES;
				CLANG_WARN_DEPRECATED_OBJC_IMPLEMENTATIONS = YES;
				CLANG_WARN_DIRECT_OBJC_ISA_USAGE = YES_ERROR;
				CLANG_WARN_DOCUMENTATION_COMMENTS = YES;
				CLANG_WARN_EMPTY_BODY = YES;
				CLANG_WARN_ENUM_CONVERSION = YES;
				CLANG_WARN_INFINITE_RECURSION = YES;
				CLANG_WARN_INT_CONVERSION = YES;
				CLANG_WARN_NON_LITERAL_NULL_CONVERSION = YES;
				CLANG_WARN_OBJC_IMPLICIT_RETAIN_SELF = YES;
				CLANG_WARN_OBJC_LITERAL_CONVERSION = YES;
				CLANG_WARN_OBJC_ROOT_CLASS = YES_ERROR;
				CLANG_WARN_RANGE_LOOP_ANALYSIS = YES;
				CLANG_WARN_STRICT_PROTOTYPES = YES;
				CLANG_WARN_SUSPICIOUS_MOVE = YES;
				CLANG_WARN_UNGUARDED_AVAILABILITY = YES_AGGRESSIVE;
				CLANG_WARN_UNREACHABLE_CODE = YES;
				CLANG_WARN__DUPLICATE_METHOD_MATCH = YES;
				COPY_PHASE_STRIP = NO;
				DEBUG_INFORMATION_FORMAT = dwarf;
				ENABLE_STRICT_OBJC_MSGSEND = YES;
				ENABLE_TESTABILITY = YES;
				GCC_C_LANGUAGE_STANDARD = gnu11;
				GCC_DYNAMIC_NO_PIC = NO;
				GCC_NO_COMMON_BLOCKS = YES;
				GCC_OPTIMIZATION_LEVEL = 0;
				GCC_PREPROCESSOR_DEFINITIONS = (
					"DEBUG=1",
					"$(inherited)",
				);
				GCC_WARN_64_TO_32_BIT_CONVERSION = YES;
				GCC_WARN_ABOUT_RETURN_TYPE = YES_ERROR;
				GCC_WARN_UNDECLARED_SELECTOR = YES;
				GCC_WARN_UNINITIALIZED_AUTOS = YES_AGGRESSIVE;
				GCC_WARN_UNUSED_FUNCTION = YES;
				GCC_WARN_UNUSED_VARIABLE = YES;
				IPHONEOS_DEPLOYMENT_TARGET = 13.7;
				MTL_ENABLE_DEBUG_INFO = INCLUDE_SOURCE;
				MTL_FAST_MATH = YES;
				ONLY_ACTIVE_ARCH = YES;
				SDKROOT = iphoneos;
				SWIFT_ACTIVE_COMPILATION_CONDITIONS = DEBUG;
				SWIFT_OPTIMIZATION_LEVEL = "-Onone";
			};
			name = Debug;
		};
		95F412EC250944CA00E5E33D /* Release */ = {
			isa = XCBuildConfiguration;
			buildSettings = {
				ALWAYS_SEARCH_USER_PATHS = NO;
				CLANG_ANALYZER_NONNULL = YES;
				CLANG_ANALYZER_NUMBER_OBJECT_CONVERSION = YES_AGGRESSIVE;
				CLANG_CXX_LANGUAGE_STANDARD = "gnu++14";
				CLANG_CXX_LIBRARY = "libc++";
				CLANG_ENABLE_MODULES = YES;
				CLANG_ENABLE_OBJC_ARC = YES;
				CLANG_ENABLE_OBJC_WEAK = YES;
				CLANG_WARN_BLOCK_CAPTURE_AUTORELEASING = YES;
				CLANG_WARN_BOOL_CONVERSION = YES;
				CLANG_WARN_COMMA = YES;
				CLANG_WARN_CONSTANT_CONVERSION = YES;
				CLANG_WARN_DEPRECATED_OBJC_IMPLEMENTATIONS = YES;
				CLANG_WARN_DIRECT_OBJC_ISA_USAGE = YES_ERROR;
				CLANG_WARN_DOCUMENTATION_COMMENTS = YES;
				CLANG_WARN_EMPTY_BODY = YES;
				CLANG_WARN_ENUM_CONVERSION = YES;
				CLANG_WARN_INFINITE_RECURSION = YES;
				CLANG_WARN_INT_CONVERSION = YES;
				CLANG_WARN_NON_LITERAL_NULL_CONVERSION = YES;
				CLANG_WARN_OBJC_IMPLICIT_RETAIN_SELF = YES;
				CLANG_WARN_OBJC_LITERAL_CONVERSION = YES;
				CLANG_WARN_OBJC_ROOT_CLASS = YES_ERROR;
				CLANG_WARN_RANGE_LOOP_ANALYSIS = YES;
				CLANG_WARN_STRICT_PROTOTYPES = YES;
				CLANG_WARN_SUSPICIOUS_MOVE = YES;
				CLANG_WARN_UNGUARDED_AVAILABILITY = YES_AGGRESSIVE;
				CLANG_WARN_UNREACHABLE_CODE = YES;
				CLANG_WARN__DUPLICATE_METHOD_MATCH = YES;
				COPY_PHASE_STRIP = NO;
				DEBUG_INFORMATION_FORMAT = "dwarf-with-dsym";
				ENABLE_NS_ASSERTIONS = NO;
				ENABLE_STRICT_OBJC_MSGSEND = YES;
				GCC_C_LANGUAGE_STANDARD = gnu11;
				GCC_NO_COMMON_BLOCKS = YES;
				GCC_WARN_64_TO_32_BIT_CONVERSION = YES;
				GCC_WARN_ABOUT_RETURN_TYPE = YES_ERROR;
				GCC_WARN_UNDECLARED_SELECTOR = YES;
				GCC_WARN_UNINITIALIZED_AUTOS = YES_AGGRESSIVE;
				GCC_WARN_UNUSED_FUNCTION = YES;
				GCC_WARN_UNUSED_VARIABLE = YES;
				IPHONEOS_DEPLOYMENT_TARGET = 13.7;
				MTL_ENABLE_DEBUG_INFO = NO;
				MTL_FAST_MATH = YES;
				SDKROOT = iphoneos;
				SWIFT_COMPILATION_MODE = wholemodule;
				SWIFT_OPTIMIZATION_LEVEL = "-O";
				VALIDATE_PRODUCT = YES;
			};
			name = Release;
		};
		95F412EE250944CA00E5E33D /* Debug */ = {
			isa = XCBuildConfiguration;
			buildSettings = {
				ASSETCATALOG_COMPILER_APPICON_NAME = AppIcon;
				CODE_SIGN_STYLE = Automatic;
				DEVELOPMENT_TEAM = HCDL4K8Y7T;
				INFOPLIST_FILE = BBExplore/Info.plist;
				LD_RUNPATH_SEARCH_PATHS = (
					"$(inherited)",
					"@executable_path/Frameworks",
				);
				PRODUCT_BUNDLE_IDENTIFIER = IGProjects.BBExplore;
				PRODUCT_NAME = "$(TARGET_NAME)";
				SWIFT_VERSION = 5.0;
				TARGETED_DEVICE_FAMILY = "1,2";
			};
			name = Debug;
		};
		95F412EF250944CA00E5E33D /* Release */ = {
			isa = XCBuildConfiguration;
			buildSettings = {
				ASSETCATALOG_COMPILER_APPICON_NAME = AppIcon;
				CODE_SIGN_STYLE = Automatic;
				DEVELOPMENT_TEAM = HCDL4K8Y7T;
				INFOPLIST_FILE = BBExplore/Info.plist;
				LD_RUNPATH_SEARCH_PATHS = (
					"$(inherited)",
					"@executable_path/Frameworks",
				);
				PRODUCT_BUNDLE_IDENTIFIER = IGProjects.BBExplore;
				PRODUCT_NAME = "$(TARGET_NAME)";
				SWIFT_VERSION = 5.0;
				TARGETED_DEVICE_FAMILY = "1,2";
			};
			name = Release;
		};
		95F412F1250944CA00E5E33D /* Debug */ = {
			isa = XCBuildConfiguration;
			buildSettings = {
				ALWAYS_EMBED_SWIFT_STANDARD_LIBRARIES = YES;
				BUNDLE_LOADER = "$(TEST_HOST)";
				CODE_SIGN_STYLE = Automatic;
				DEVELOPMENT_TEAM = HCDL4K8Y7T;
				INFOPLIST_FILE = BBExploreTests/Info.plist;
				IPHONEOS_DEPLOYMENT_TARGET = 13.7;
				LD_RUNPATH_SEARCH_PATHS = (
					"$(inherited)",
					"@executable_path/Frameworks",
					"@loader_path/Frameworks",
				);
				PRODUCT_BUNDLE_IDENTIFIER = IGProjects.BBExploreTests;
				PRODUCT_NAME = "$(TARGET_NAME)";
				SWIFT_VERSION = 5.0;
				TARGETED_DEVICE_FAMILY = "1,2";
				TEST_HOST = "$(BUILT_PRODUCTS_DIR)/BBExplore.app/BBExplore";
			};
			name = Debug;
		};
		95F412F2250944CA00E5E33D /* Release */ = {
			isa = XCBuildConfiguration;
			buildSettings = {
				ALWAYS_EMBED_SWIFT_STANDARD_LIBRARIES = YES;
				BUNDLE_LOADER = "$(TEST_HOST)";
				CODE_SIGN_STYLE = Automatic;
				DEVELOPMENT_TEAM = HCDL4K8Y7T;
				INFOPLIST_FILE = BBExploreTests/Info.plist;
				IPHONEOS_DEPLOYMENT_TARGET = 13.7;
				LD_RUNPATH_SEARCH_PATHS = (
					"$(inherited)",
					"@executable_path/Frameworks",
					"@loader_path/Frameworks",
				);
				PRODUCT_BUNDLE_IDENTIFIER = IGProjects.BBExploreTests;
				PRODUCT_NAME = "$(TARGET_NAME)";
				SWIFT_VERSION = 5.0;
				TARGETED_DEVICE_FAMILY = "1,2";
				TEST_HOST = "$(BUILT_PRODUCTS_DIR)/BBExplore.app/BBExplore";
			};
			name = Release;
		};
		95F412F4250944CA00E5E33D /* Debug */ = {
			isa = XCBuildConfiguration;
			buildSettings = {
				ALWAYS_EMBED_SWIFT_STANDARD_LIBRARIES = YES;
				CODE_SIGN_STYLE = Automatic;
				DEVELOPMENT_TEAM = HCDL4K8Y7T;
				INFOPLIST_FILE = BBExploreUITests/Info.plist;
				LD_RUNPATH_SEARCH_PATHS = (
					"$(inherited)",
					"@executable_path/Frameworks",
					"@loader_path/Frameworks",
				);
				PRODUCT_BUNDLE_IDENTIFIER = IGProjects.BBExploreUITests;
				PRODUCT_NAME = "$(TARGET_NAME)";
				SWIFT_VERSION = 5.0;
				TARGETED_DEVICE_FAMILY = "1,2";
				TEST_TARGET_NAME = BBExplore;
			};
			name = Debug;
		};
		95F412F5250944CA00E5E33D /* Release */ = {
			isa = XCBuildConfiguration;
			buildSettings = {
				ALWAYS_EMBED_SWIFT_STANDARD_LIBRARIES = YES;
				CODE_SIGN_STYLE = Automatic;
				DEVELOPMENT_TEAM = HCDL4K8Y7T;
				INFOPLIST_FILE = BBExploreUITests/Info.plist;
				LD_RUNPATH_SEARCH_PATHS = (
					"$(inherited)",
					"@executable_path/Frameworks",
					"@loader_path/Frameworks",
				);
				PRODUCT_BUNDLE_IDENTIFIER = IGProjects.BBExploreUITests;
				PRODUCT_NAME = "$(TARGET_NAME)";
				SWIFT_VERSION = 5.0;
				TARGETED_DEVICE_FAMILY = "1,2";
				TEST_TARGET_NAME = BBExplore;
			};
			name = Release;
		};
/* End XCBuildConfiguration section */

/* Begin XCConfigurationList section */
		95F412BE250944C600E5E33D /* Build configuration list for PBXProject "BBExplore" */ = {
			isa = XCConfigurationList;
			buildConfigurations = (
				95F412EB250944CA00E5E33D /* Debug */,
				95F412EC250944CA00E5E33D /* Release */,
			);
			defaultConfigurationIsVisible = 0;
			defaultConfigurationName = Release;
		};
		95F412ED250944CA00E5E33D /* Build configuration list for PBXNativeTarget "BBExplore" */ = {
			isa = XCConfigurationList;
			buildConfigurations = (
				95F412EE250944CA00E5E33D /* Debug */,
				95F412EF250944CA00E5E33D /* Release */,
			);
			defaultConfigurationIsVisible = 0;
			defaultConfigurationName = Release;
		};
		95F412F0250944CA00E5E33D /* Build configuration list for PBXNativeTarget "BBExploreTests" */ = {
			isa = XCConfigurationList;
			buildConfigurations = (
				95F412F1250944CA00E5E33D /* Debug */,
				95F412F2250944CA00E5E33D /* Release */,
			);
			defaultConfigurationIsVisible = 0;
			defaultConfigurationName = Release;
		};
		95F412F3250944CA00E5E33D /* Build configuration list for PBXNativeTarget "BBExploreUITests" */ = {
			isa = XCConfigurationList;
			buildConfigurations = (
				95F412F4250944CA00E5E33D /* Debug */,
				95F412F5250944CA00E5E33D /* Release */,
			);
			defaultConfigurationIsVisible = 0;
			defaultConfigurationName = Release;
		};
/* End XCConfigurationList section */
	};
	rootObject = 95F412BB250944C600E5E33D /* Project object */;
}
